%{"amqp": {:hex, :amqp, "0.1.1"},
  "amqp_client": {:hex, :amqp_client, "3.5.0"},
  "exprotobuf": {:git, "git://github.com/DylanGriffith/exprotobuf.git", "656a528da92c5c19e2e67596a8c8f25c79aa8f19", [branch: "dgvz"]},
  "gpb": {:hex, :gpb, "3.18.8"},
  "murmur": {:hex, :murmur, "0.2.1"},
  "rabbit_common": {:hex, :rabbit_common, "3.5.0"}}
